
Microsoft Visual Studio Solution File, Format Version 12.00
# Visual Studio Version 17
VisualStudioVersion = 17.3.32929.385
MinimumVisualStudioVersion = 10.0.40219.1
Project("{9A19103F-16F7-4668-BE54-9A1E7A4F7556}") = "ObakiSite.Shared", "Shared\ObakiSite.Shared\ObakiSite.Shared.csproj", "{7CEE17D9-07B0-451B-98E1-819FB52706B1}"
EndProject
Project("{9A19103F-16F7-4668-BE54-9A1E7A4F7556}") = "ObakiSite.Client", "Client\ObakiSite.Client.csproj", "{2C9B084A-90C4-449B-AB1F-A7B207B9E558}"
EndProject
Project("{9A19103F-16F7-4668-BE54-9A1E7A4F7556}") = "ObakiSite.Api", "Api\ObakiSite.Api.csproj", "{5FCE322D-A510-43FC-BE4A-D448E3A14B6C}"
EndProject
Global
	GlobalSection(SolutionConfigurationPlatforms) = preSolution
		Debug|Any CPU = Debug|Any CPU
		Release|Any CPU = Release|Any CPU
	EndGlobalSection
	GlobalSection(ProjectConfigurationPlatforms) = postSolution
		{7CEE17D9-07B0-451B-98E1-819FB52706B1}.Debug|Any CPU.ActiveCfg = Debug|Any CPU
		{7CEE17D9-07B0-451B-98E1-819FB52706B1}.Debug|Any CPU.Build.0 = Debug|Any CPU
		{7CEE17D9-07B0-451B-98E1-819FB52706B1}.Release|Any CPU.ActiveCfg = Release|Any CPU
		{7CEE17D9-07B0-451B-98E1-819FB52706B1}.Release|Any CPU.Build.0 = Release|Any CPU
		{2C9B084A-90C4-449B-AB1F-A7B207B9E558}.Debug|Any CPU.ActiveCfg = Debug|Any CPU
		{2C9B084A-90C4-449B-AB1F-A7B207B9E558}.Debug|Any CPU.Build.0 = Debug|Any CPU
		{2C9B084A-90C4-449B-AB1F-A7B207B9E558}.Release|Any CPU.ActiveCfg = Release|Any CPU
		{2C9B084A-90C4-449B-AB1F-A7B207B9E558}.Release|Any CPU.Build.0 = Release|Any CPU
		{5FCE322D-A510-43FC-BE4A-D448E3A14B6C}.Debug|Any CPU.ActiveCfg = Debug|Any CPU
		{5FCE322D-A510-43FC-BE4A-D448E3A14B6C}.Debug|Any CPU.Build.0 = Debug|Any CPU
		{5FCE322D-A510-43FC-BE4A-D448E3A14B6C}.Release|Any CPU.ActiveCfg = Release|Any CPU
		{5FCE322D-A510-43FC-BE4A-D448E3A14B6C}.Release|Any CPU.Build.0 = Release|Any CPU
	EndGlobalSection
	GlobalSection(SolutionProperties) = preSolution
		HideSolutionNode = FALSE
	EndGlobalSection
	GlobalSection(ExtensibilityGlobals) = postSolution
		SolutionGuid = {2CA8EC83-0DA2-4B4B-ABC1-F43E1E461AFA}
	EndGlobalSection
EndGlobal
