
Microsoft Visual Studio Solution File, Format Version 12.00
# Visual Studio Version 17
VisualStudioVersion = 17.3.32929.385
MinimumVisualStudioVersion = 10.0.40219.1
Project("{FAE04EC0-301F-11D3-BF4B-00C04F79EFBC}") = "ObakiSite.AzureFunction", "ObakiSite.AzureFunction.csproj", "{1BD6C82B-C8DC-4701-8AF6-3048BF54CC64}"
EndProject
Global
	GlobalSection(SolutionConfigurationPlatforms) = preSolution
		Debug|Any CPU = Debug|Any CPU
		Release|Any CPU = Release|Any CPU
	EndGlobalSection
	GlobalSection(ProjectConfigurationPlatforms) = postSolution
		{1BD6C82B-C8DC-4701-8AF6-3048BF54CC64}.Debug|Any CPU.ActiveCfg = Debug|Any CPU
		{1BD6C82B-C8DC-4701-8AF6-3048BF54CC64}.Debug|Any CPU.Build.0 = Debug|Any CPU
		{1BD6C82B-C8DC-4701-8AF6-3048BF54CC64}.Release|Any CPU.ActiveCfg = Release|Any CPU
		{1BD6C82B-C8DC-4701-8AF6-3048BF54CC64}.Release|Any CPU.Build.0 = Release|Any CPU
	EndGlobalSection
	GlobalSection(SolutionProperties) = preSolution
		HideSolutionNode = FALSE
	EndGlobalSection
	GlobalSection(ExtensibilityGlobals) = postSolution
		SolutionGuid = {D32C86B2-1428-4D89-9973-97585030F937}
	EndGlobalSection
EndGlobal
